Microsoft Visual Studio Solution File, Format Version 12.00
# Visual Studio Version 17
VisualStudioVersion = 17.5.2.0
MinimumVisualStudioVersion = 10.0.40219.1
Project("{FAE04EC0-301F-11D3-BF4B-00C04F79EFBC}") = "MyArrayTest", "MyArrayTest.csproj", "{B7405EA8-A41A-72AB-7FBC-3CE8BF0EA260}"
EndProject
Global
	GlobalSection(SolutionConfigurationPlatforms) = preSolution
		Debug|Any CPU = Debug|Any CPU
		Release|Any CPU = Release|Any CPU
	EndGlobalSection
	GlobalSection(ProjectConfigurationPlatforms) = postSolution
		{B7405EA8-A41A-72AB-7FBC-3CE8BF0EA260}.Debug|Any CPU.ActiveCfg = Debug|Any CPU
		{B7405EA8-A41A-72AB-7FBC-3CE8BF0EA260}.Debug|Any CPU.Build.0 = Debug|Any CPU
		{B7405EA8-A41A-72AB-7FBC-3CE8BF0EA260}.Release|Any CPU.ActiveCfg = Release|Any CPU
		{B7405EA8-A41A-72AB-7FBC-3CE8BF0EA260}.Release|Any CPU.Build.0 = Release|Any CPU
	EndGlobalSection
	GlobalSection(SolutionProperties) = preSolution
		HideSolutionNode = FALSE
	EndGlobalSection
	GlobalSection(ExtensibilityGlobals) = postSolution
		SolutionGuid = {A4C24ECE-B9E6-4B51-B906-11E13D05B091}
	EndGlobalSection
EndGlobal
