Microsoft Visual Studio Solution File, Format Version 12.00
# Visual Studio Version 17
VisualStudioVersion = 17.5.2.0
MinimumVisualStudioVersion = 10.0.40219.1
Project("{FAE04EC0-301F-11D3-BF4B-00C04F79EFBC}") = "ManageArray", "ManageArray.csproj", "{B348C5A1-06AB-032A-C34E-67183012F1B7}"
EndProject
Global
	GlobalSection(SolutionConfigurationPlatforms) = preSolution
		Debug|Any CPU = Debug|Any CPU
		Release|Any CPU = Release|Any CPU
	EndGlobalSection
	GlobalSection(ProjectConfigurationPlatforms) = postSolution
		{B348C5A1-06AB-032A-C34E-67183012F1B7}.Debug|Any CPU.ActiveCfg = Debug|Any CPU
		{B348C5A1-06AB-032A-C34E-67183012F1B7}.Debug|Any CPU.Build.0 = Debug|Any CPU
		{B348C5A1-06AB-032A-C34E-67183012F1B7}.Release|Any CPU.ActiveCfg = Release|Any CPU
		{B348C5A1-06AB-032A-C34E-67183012F1B7}.Release|Any CPU.Build.0 = Release|Any CPU
	EndGlobalSection
	GlobalSection(SolutionProperties) = preSolution
		HideSolutionNode = FALSE
	EndGlobalSection
	GlobalSection(ExtensibilityGlobals) = postSolution
		SolutionGuid = {E296C678-C8F1-4F30-BC1E-37D55F54EAEF}
	EndGlobalSection
EndGlobal
