Microsoft Visual Studio Solution File, Format Version 12.00
# Visual Studio Version 17
VisualStudioVersion = 17.5.2.0
MinimumVisualStudioVersion = 10.0.40219.1
Project("{FAE04EC0-301F-11D3-BF4B-00C04F79EFBC}") = "TessituraConstSearch", "TessituraConstSearch.csproj", "{FED27302-BCDD-7507-044B-5B4DDA8C86BF}"
EndProject
Global
	GlobalSection(SolutionConfigurationPlatforms) = preSolution
		Debug|Any CPU = Debug|Any CPU
		Release|Any CPU = Release|Any CPU
	EndGlobalSection
	GlobalSection(ProjectConfigurationPlatforms) = postSolution
		{FED27302-BCDD-7507-044B-5B4DDA8C86BF}.Debug|Any CPU.ActiveCfg = Debug|Any CPU
		{FED27302-BCDD-7507-044B-5B4DDA8C86BF}.Debug|Any CPU.Build.0 = Debug|Any CPU
		{FED27302-BCDD-7507-044B-5B4DDA8C86BF}.Release|Any CPU.ActiveCfg = Release|Any CPU
		{FED27302-BCDD-7507-044B-5B4DDA8C86BF}.Release|Any CPU.Build.0 = Release|Any CPU
	EndGlobalSection
	GlobalSection(SolutionProperties) = preSolution
		HideSolutionNode = FALSE
	EndGlobalSection
	GlobalSection(ExtensibilityGlobals) = postSolution
		SolutionGuid = {08600627-AB46-4153-BA7D-BDBE1E769B76}
	EndGlobalSection
EndGlobal
